
Microsoft Visual Studio Solution File, Format Version 12.00
# Visual Studio 15
VisualStudioVersion = 15.0.28307.136
MinimumVisualStudioVersion = 10.0.40219.1
Project("{FAE04EC0-301F-11D3-BF4B-00C04F79EFBC}") = "Tarea Vectores", "Tarea Vectores\Tarea Vectores.csproj", "{142B1AB0-794F-4442-943E-1A88EDCC2BA1}"
EndProject
Global
	GlobalSection(SolutionConfigurationPlatforms) = preSolution
		Debug|Any CPU = Debug|Any CPU
		Release|Any CPU = Release|Any CPU
	EndGlobalSection
	GlobalSection(ProjectConfigurationPlatforms) = postSolution
		{142B1AB0-794F-4442-943E-1A88EDCC2BA1}.Debug|Any CPU.ActiveCfg = Debug|Any CPU
		{142B1AB0-794F-4442-943E-1A88EDCC2BA1}.Debug|Any CPU.Build.0 = Debug|Any CPU
		{142B1AB0-794F-4442-943E-1A88EDCC2BA1}.Release|Any CPU.ActiveCfg = Release|Any CPU
		{142B1AB0-794F-4442-943E-1A88EDCC2BA1}.Release|Any CPU.Build.0 = Release|Any CPU
	EndGlobalSection
	GlobalSection(SolutionProperties) = preSolution
		HideSolutionNode = FALSE
	EndGlobalSection
	GlobalSection(ExtensibilityGlobals) = postSolution
		SolutionGuid = {8406EBE0-E34A-40B8-8359-E2E8304A3271}
	EndGlobalSection
EndGlobal
